// !$*UTF8*$!
{
	archiveVersion = 1;
	classes = {
	};
	objectVersion = 56;
	objects = {

/* Begin PBXBuildFile section */
		63AD0B312AAED34B000F7805 /* LandmarksApp.swift in Sources */ = {isa = PBXBuildFile; fileRef = 63AD0B302AAED34B000F7805 /* LandmarksApp.swift */; };
		63AD0B332AAED34B000F7805 /* ContentView.swift in Sources */ = {isa = PBXBuildFile; fileRef = 63AD0B322AAED34B000F7805 /* ContentView.swift */; };
		63AD0B352AAED34C000F7805 /* Assets.xcassets in Resources */ = {isa = PBXBuildFile; fileRef = 63AD0B342AAED34C000F7805 /* Assets.xcassets */; };
		63AD0B382AAED34C000F7805 /* Preview Assets.xcassets in Resources */ = {isa = PBXBuildFile; fileRef = 63AD0B372AAED34C000F7805 /* Preview Assets.xcassets */; };
		63AD0B422AAED34C000F7805 /* LandmarksTests.swift in Sources */ = {isa = PBXBuildFile; fileRef = 63AD0B412AAED34C000F7805 /* LandmarksTests.swift */; };
		63AD0B4C2AAED34C000F7805 /* LandmarksUITests.swift in Sources */ = {isa = PBXBuildFile; fileRef = 63AD0B4B2AAED34C000F7805 /* LandmarksUITests.swift */; };
		63AD0B4E2AAED34C000F7805 /* LandmarksUITestsLaunchTests.swift in Sources */ = {isa = PBXBuildFile; fileRef = 63AD0B4D2AAED34C000F7805 /* LandmarksUITestsLaunchTests.swift */; };
		63AD0B5F2AAEEC69000F7805 /* CircleImage.swift in Sources */ = {isa = PBXBuildFile; fileRef = 63AD0B5E2AAEEC69000F7805 /* CircleImage.swift */; };
		63AD0B612AAEED3F000F7805 /* MapView.swift in Sources */ = {isa = PBXBuildFile; fileRef = 63AD0B602AAEED3F000F7805 /* MapView.swift */; };
		63AD0B632AAEF019000F7805 /* landmarkData.json in Resources */ = {isa = PBXBuildFile; fileRef = 63AD0B622AAEF019000F7805 /* landmarkData.json */; };
		63AD0B652AAEF02D000F7805 /* Landmark.swift in Sources */ = {isa = PBXBuildFile; fileRef = 63AD0B642AAEF02D000F7805 /* Landmark.swift */; };
		63AD0B672AAEF272000F7805 /* ModelData.swift in Sources */ = {isa = PBXBuildFile; fileRef = 63AD0B662AAEF272000F7805 /* ModelData.swift */; };
		63AD0B6E2AAEF561000F7805 /* LandmarkRow.swift in Sources */ = {isa = PBXBuildFile; fileRef = 63AD0B6D2AAEF561000F7805 /* LandmarkRow.swift */; };
		63AD0B702AAEF809000F7805 /* LandmarkList.swift in Sources */ = {isa = PBXBuildFile; fileRef = 63AD0B6F2AAEF809000F7805 /* LandmarkList.swift */; };
		63E0E5B82AAEFA5400DBEF55 /* LandmarkDetail.swift in Sources */ = {isa = PBXBuildFile; fileRef = 63E0E5B72AAEFA5400DBEF55 /* LandmarkDetail.swift */; };
		63E0E5BA2AAF172800DBEF55 /* FavoriteButton.swift in Sources */ = {isa = PBXBuildFile; fileRef = 63E0E5B92AAF172800DBEF55 /* FavoriteButton.swift */; };
		AC45727D2B39A16200C8D1FE /* CategoryRow.swift in Sources */ = {isa = PBXBuildFile; fileRef = AC45727C2B39A16200C8D1FE /* CategoryRow.swift */; };
		AC45727F2B39CB2A00C8D1FE /* CategoryItem.swift in Sources */ = {isa = PBXBuildFile; fileRef = AC45727E2B39CB2A00C8D1FE /* CategoryItem.swift */; };
		AC9D4B0A2B382A790022E216 /* HexagonParameters.swift in Sources */ = {isa = PBXBuildFile; fileRef = AC9D4B092B382A790022E216 /* HexagonParameters.swift */; };
		AC9D4B0C2B382AFC0022E216 /* BadgeBackground.swift in Sources */ = {isa = PBXBuildFile; fileRef = AC9D4B0B2B382AFC0022E216 /* BadgeBackground.swift */; };
		AC9D4B0E2B38319E0022E216 /* landmark_app_icon_1024x1024.png in Resources */ = {isa = PBXBuildFile; fileRef = AC9D4B0D2B38319E0022E216 /* landmark_app_icon_1024x1024.png */; };
		AC9D4B102B38320D0022E216 /* BadgeSymbol.swift in Sources */ = {isa = PBXBuildFile; fileRef = AC9D4B0F2B38320D0022E216 /* BadgeSymbol.swift */; };
		AC9D4B122B3834240022E216 /* RotatedBadgeSymbol.swift in Sources */ = {isa = PBXBuildFile; fileRef = AC9D4B112B3834240022E216 /* RotatedBadgeSymbol.swift */; };
		AC9D4B162B38353A0022E216 /* Badge.swift in Sources */ = {isa = PBXBuildFile; fileRef = AC9D4B152B38353A0022E216 /* Badge.swift */; };
		AC9D4B192B383E020022E216 /* hikeData.json in Resources */ = {isa = PBXBuildFile; fileRef = AC9D4B182B383E020022E216 /* hikeData.json */; };
		AC9D4B1B2B383E100022E216 /* Hike.swift in Sources */ = {isa = PBXBuildFile; fileRef = AC9D4B1A2B383E100022E216 /* Hike.swift */; };
		AC9D4B232B383EE30022E216 /* GraphCapsule.swift in Sources */ = {isa = PBXBuildFile; fileRef = AC9D4B1F2B383EE30022E216 /* GraphCapsule.swift */; };
		AC9D4B242B383EE30022E216 /* HikeGraph.swift in Sources */ = {isa = PBXBuildFile; fileRef = AC9D4B202B383EE30022E216 /* HikeGraph.swift */; };
		AC9D4B252B383EE30022E216 /* HikeDetail.swift in Sources */ = {isa = PBXBuildFile; fileRef = AC9D4B212B383EE30022E216 /* HikeDetail.swift */; };
		AC9D4B262B383EE30022E216 /* HikeView.swift in Sources */ = {isa = PBXBuildFile; fileRef = AC9D4B222B383EE30022E216 /* HikeView.swift */; };
		ACDB33402B399915000DF484 /* CategoryHome.swift in Sources */ = {isa = PBXBuildFile; fileRef = ACDB333F2B399915000DF484 /* CategoryHome.swift */; };
		ACFF39072B4447A80051CAA9 /* Profile.swift in Sources */ = {isa = PBXBuildFile; fileRef = ACFF39062B4447A80051CAA9 /* Profile.swift */; };
		ACFF390A2B4448290051CAA9 /* ProfileHost.swift in Sources */ = {isa = PBXBuildFile; fileRef = ACFF39092B4448290051CAA9 /* ProfileHost.swift */; };
		ACFF390C2B4448ED0051CAA9 /* ProfileSummary.swift in Sources */ = {isa = PBXBuildFile; fileRef = ACFF390B2B4448ED0051CAA9 /* ProfileSummary.swift */; };
		ACFF390E2B4449D20051CAA9 /* HikeBadge.swift in Sources */ = {isa = PBXBuildFile; fileRef = ACFF390D2B4449D20051CAA9 /* HikeBadge.swift */; };
		ACFF39102B44511E0051CAA9 /* ProfileEditor.swift in Sources */ = {isa = PBXBuildFile; fileRef = ACFF390F2B44511E0051CAA9 /* ProfileEditor.swift */; };
		ACFF39142B465BD10051CAA9 /* PageViewController.swift in Sources */ = {isa = PBXBuildFile; fileRef = ACFF39132B465BD10051CAA9 /* PageViewController.swift */; };
		ACFF39162B4663150051CAA9 /* FeatureCard.swift in Sources */ = {isa = PBXBuildFile; fileRef = ACFF39152B4663150051CAA9 /* FeatureCard.swift */; };
		ACFF39182B4664D40051CAA9 /* PageView.swift in Sources */ = {isa = PBXBuildFile; fileRef = ACFF39172B4664D40051CAA9 /* PageView.swift */; };
		ACFF391A2B4696FB0051CAA9 /* PageControl.swift in Sources */ = {isa = PBXBuildFile; fileRef = ACFF39192B4696FB0051CAA9 /* PageControl.swift */; };
/* End PBXBuildFile section */

/* Begin PBXContainerItemProxy section */
		63AD0B3E2AAED34C000F7805 /* PBXContainerItemProxy */ = {
			isa = PBXContainerItemProxy;
			containerPortal = 63AD0B252AAED34B000F7805 /* Project object */;
			proxyType = 1;
			remoteGlobalIDString = 63AD0B2C2AAED34B000F7805;
			remoteInfo = Landmarks;
		};
		63AD0B482AAED34C000F7805 /* PBXContainerItemProxy */ = {
			isa = PBXContainerItemProxy;
			containerPortal = 63AD0B252AAED34B000F7805 /* Project object */;
			proxyType = 1;
			remoteGlobalIDString = 63AD0B2C2AAED34B000F7805;
			remoteInfo = Landmarks;
		};
/* End PBXContainerItemProxy section */

/* Begin PBXFileReference section */
		63AD0B2D2AAED34B000F7805 /* Landmarks.app */ = {isa = PBXFileReference; explicitFileType = wrapper.application; includeInIndex = 0; path = Landmarks.app; sourceTree = BUILT_PRODUCTS_DIR; };
		63AD0B302AAED34B000F7805 /* LandmarksApp.swift */ = {isa = PBXFileReference; lastKnownFileType = sourcecode.swift; path = LandmarksApp.swift; sourceTree = "<group>"; };
		63AD0B322AAED34B000F7805 /* ContentView.swift */ = {isa = PBXFileReference; lastKnownFileType = sourcecode.swift; path = ContentView.swift; sourceTree = "<group>"; };
		63AD0B342AAED34C000F7805 /* Assets.xcassets */ = {isa = PBXFileReference; lastKnownFileType = folder.assetcatalog; path = Assets.xcassets; sourceTree = "<group>"; };
		63AD0B372AAED34C000F7805 /* Preview Assets.xcassets */ = {isa = PBXFileReference; lastKnownFileType = folder.assetcatalog; path = "Preview Assets.xcassets"; sourceTree = "<group>"; };
		63AD0B3D2AAED34C000F7805 /* LandmarksTests.xctest */ = {isa = PBXFileReference; explicitFileType = wrapper.cfbundle; includeInIndex = 0; path = LandmarksTests.xctest; sourceTree = BUILT_PRODUCTS_DIR; };
		63AD0B412AAED34C000F7805 /* LandmarksTests.swift */ = {isa = PBXFileReference; lastKnownFileType = sourcecode.swift; path = LandmarksTests.swift; sourceTree = "<group>"; };
		63AD0B472AAED34C000F7805 /* LandmarksUITests.xctest */ = {isa = PBXFileReference; explicitFileType = wrapper.cfbundle; includeInIndex = 0; path = LandmarksUITests.xctest; sourceTree = BUILT_PRODUCTS_DIR; };
		63AD0B4B2AAED34C000F7805 /* LandmarksUITests.swift */ = {isa = PBXFileReference; lastKnownFileType = sourcecode.swift; path = LandmarksUITests.swift; sourceTree = "<group>"; };
		63AD0B4D2AAED34C000F7805 /* LandmarksUITestsLaunchTests.swift */ = {isa = PBXFileReference; lastKnownFileType = sourcecode.swift; path = LandmarksUITestsLaunchTests.swift; sourceTree = "<group>"; };
		63AD0B5E2AAEEC69000F7805 /* CircleImage.swift */ = {isa = PBXFileReference; lastKnownFileType = sourcecode.swift; path = CircleImage.swift; sourceTree = "<group>"; };
		63AD0B602AAEED3F000F7805 /* MapView.swift */ = {isa = PBXFileReference; lastKnownFileType = sourcecode.swift; path = MapView.swift; sourceTree = "<group>"; };
		63AD0B622AAEF019000F7805 /* landmarkData.json */ = {isa = PBXFileReference; fileEncoding = 4; lastKnownFileType = text.json; path = landmarkData.json; sourceTree = "<group>"; };
		63AD0B642AAEF02D000F7805 /* Landmark.swift */ = {isa = PBXFileReference; lastKnownFileType = sourcecode.swift; path = Landmark.swift; sourceTree = "<group>"; };
		63AD0B662AAEF272000F7805 /* ModelData.swift */ = {isa = PBXFileReference; lastKnownFileType = sourcecode.swift; path = ModelData.swift; sourceTree = "<group>"; };
		63AD0B6D2AAEF561000F7805 /* LandmarkRow.swift */ = {isa = PBXFileReference; lastKnownFileType = sourcecode.swift; path = LandmarkRow.swift; sourceTree = "<group>"; };
		63AD0B6F2AAEF809000F7805 /* LandmarkList.swift */ = {isa = PBXFileReference; lastKnownFileType = sourcecode.swift; path = LandmarkList.swift; sourceTree = "<group>"; };
		63E0E5B72AAEFA5400DBEF55 /* LandmarkDetail.swift */ = {isa = PBXFileReference; lastKnownFileType = sourcecode.swift; path = LandmarkDetail.swift; sourceTree = "<group>"; };
		63E0E5B92AAF172800DBEF55 /* FavoriteButton.swift */ = {isa = PBXFileReference; lastKnownFileType = sourcecode.swift; path = FavoriteButton.swift; sourceTree = "<group>"; };
		AC45727C2B39A16200C8D1FE /* CategoryRow.swift */ = {isa = PBXFileReference; lastKnownFileType = sourcecode.swift; path = CategoryRow.swift; sourceTree = "<group>"; };
		AC45727E2B39CB2A00C8D1FE /* CategoryItem.swift */ = {isa = PBXFileReference; lastKnownFileType = sourcecode.swift; path = CategoryItem.swift; sourceTree = "<group>"; };
		AC9D4B092B382A790022E216 /* HexagonParameters.swift */ = {isa = PBXFileReference; lastKnownFileType = sourcecode.swift; path = HexagonParameters.swift; sourceTree = "<group>"; };
		AC9D4B0B2B382AFC0022E216 /* BadgeBackground.swift */ = {isa = PBXFileReference; lastKnownFileType = sourcecode.swift; path = BadgeBackground.swift; sourceTree = "<group>"; };
		AC9D4B0D2B38319E0022E216 /* landmark_app_icon_1024x1024.png */ = {isa = PBXFileReference; lastKnownFileType = image.png; name = landmark_app_icon_1024x1024.png; path = ../../../../../../Downloads/DrawingPathsAndShapes/Resources/landmark_app_icon_1024x1024.png; sourceTree = "<group>"; };
		AC9D4B0F2B38320D0022E216 /* BadgeSymbol.swift */ = {isa = PBXFileReference; lastKnownFileType = sourcecode.swift; path = BadgeSymbol.swift; sourceTree = "<group>"; };
		AC9D4B112B3834240022E216 /* RotatedBadgeSymbol.swift */ = {isa = PBXFileReference; lastKnownFileType = sourcecode.swift; path = RotatedBadgeSymbol.swift; sourceTree = "<group>"; };
		AC9D4B152B38353A0022E216 /* Badge.swift */ = {isa = PBXFileReference; lastKnownFileType = sourcecode.swift; path = Badge.swift; sourceTree = "<group>"; };
		AC9D4B182B383E020022E216 /* hikeData.json */ = {isa = PBXFileReference; fileEncoding = 4; lastKnownFileType = text.json; name = hikeData.json; path = ../../../../../../Downloads/AnimatingViewsAndTransitions/Resources/hikeData.json; sourceTree = "<group>"; };
		AC9D4B1A2B383E100022E216 /* Hike.swift */ = {isa = PBXFileReference; lastKnownFileType = sourcecode.swift; path = Hike.swift; sourceTree = "<group>"; };
		AC9D4B1F2B383EE30022E216 /* GraphCapsule.swift */ = {isa = PBXFileReference; fileEncoding = 4; lastKnownFileType = sourcecode.swift; path = GraphCapsule.swift; sourceTree = "<group>"; };
		AC9D4B202B383EE30022E216 /* HikeGraph.swift */ = {isa = PBXFileReference; fileEncoding = 4; lastKnownFileType = sourcecode.swift; path = HikeGraph.swift; sourceTree = "<group>"; };
		AC9D4B212B383EE30022E216 /* HikeDetail.swift */ = {isa = PBXFileReference; fileEncoding = 4; lastKnownFileType = sourcecode.swift; path = HikeDetail.swift; sourceTree = "<group>"; };
		AC9D4B222B383EE30022E216 /* HikeView.swift */ = {isa = PBXFileReference; fileEncoding = 4; lastKnownFileType = sourcecode.swift; path = HikeView.swift; sourceTree = "<group>"; };
		ACDB333F2B399915000DF484 /* CategoryHome.swift */ = {isa = PBXFileReference; lastKnownFileType = sourcecode.swift; path = CategoryHome.swift; sourceTree = "<group>"; };
		ACFF39062B4447A80051CAA9 /* Profile.swift */ = {isa = PBXFileReference; lastKnownFileType = sourcecode.swift; path = Profile.swift; sourceTree = "<group>"; };
		ACFF39092B4448290051CAA9 /* ProfileHost.swift */ = {isa = PBXFileReference; lastKnownFileType = sourcecode.swift; path = ProfileHost.swift; sourceTree = "<group>"; };
		ACFF390B2B4448ED0051CAA9 /* ProfileSummary.swift */ = {isa = PBXFileReference; lastKnownFileType = sourcecode.swift; path = ProfileSummary.swift; sourceTree = "<group>"; };
		ACFF390D2B4449D20051CAA9 /* HikeBadge.swift */ = {isa = PBXFileReference; lastKnownFileType = sourcecode.swift; path = HikeBadge.swift; sourceTree = "<group>"; };
		ACFF390F2B44511E0051CAA9 /* ProfileEditor.swift */ = {isa = PBXFileReference; lastKnownFileType = sourcecode.swift; path = ProfileEditor.swift; sourceTree = "<group>"; };
		ACFF39132B465BD10051CAA9 /* PageViewController.swift */ = {isa = PBXFileReference; lastKnownFileType = sourcecode.swift; path = PageViewController.swift; sourceTree = "<group>"; };
		ACFF39152B4663150051CAA9 /* FeatureCard.swift */ = {isa = PBXFileReference; lastKnownFileType = sourcecode.swift; path = FeatureCard.swift; sourceTree = "<group>"; };
		ACFF39172B4664D40051CAA9 /* PageView.swift */ = {isa = PBXFileReference; lastKnownFileType = sourcecode.swift; path = PageView.swift; sourceTree = "<group>"; };
		ACFF39192B4696FB0051CAA9 /* PageControl.swift */ = {isa = PBXFileReference; lastKnownFileType = sourcecode.swift; path = PageControl.swift; sourceTree = "<group>"; };
/* End PBXFileReference section */

/* Begin PBXFrameworksBuildPhase section */
		63AD0B2A2AAED34B000F7805 /* Frameworks */ = {
			isa = PBXFrameworksBuildPhase;
			buildActionMask = 2147483647;
			files = (
			);
			runOnlyForDeploymentPostprocessing = 0;
		};
		63AD0B3A2AAED34C000F7805 /* Frameworks */ = {
			isa = PBXFrameworksBuildPhase;
			buildActionMask = 2147483647;
			files = (
			);
			runOnlyForDeploymentPostprocessing = 0;
		};
		63AD0B442AAED34C000F7805 /* Frameworks */ = {
			isa = PBXFrameworksBuildPhase;
			buildActionMask = 2147483647;
			files = (
			);
			runOnlyForDeploymentPostprocessing = 0;
		};
/* End PBXFrameworksBuildPhase section */

/* Begin PBXGroup section */
		63AD0B242AAED34B000F7805 = {
			isa = PBXGroup;
			children = (
				63AD0B2F2AAED34B000F7805 /* Landmarks */,
				63AD0B402AAED34C000F7805 /* LandmarksTests */,
				63AD0B4A2AAED34C000F7805 /* LandmarksUITests */,
				63AD0B2E2AAED34B000F7805 /* Products */,
			);
			sourceTree = "<group>";
		};
		63AD0B2E2AAED34B000F7805 /* Products */ = {
			isa = PBXGroup;
			children = (
				63AD0B2D2AAED34B000F7805 /* Landmarks.app */,
				63AD0B3D2AAED34C000F7805 /* LandmarksTests.xctest */,
				63AD0B472AAED34C000F7805 /* LandmarksUITests.xctest */,
			);
			name = Products;
			sourceTree = "<group>";
		};
		63AD0B2F2AAED34B000F7805 /* Landmarks */ = {
			isa = PBXGroup;
			children = (
				63AD0B302AAED34B000F7805 /* LandmarksApp.swift */,
				63AD0B682AAEF408000F7805 /* Views */,
				63AD0B692AAEF429000F7805 /* Model */,
				63AD0B6A2AAEF458000F7805 /* Resources */,
				63AD0B342AAED34C000F7805 /* Assets.xcassets */,
				63AD0B362AAED34C000F7805 /* Preview Content */,
			);
			path = Landmarks;
			sourceTree = "<group>";
		};
		63AD0B362AAED34C000F7805 /* Preview Content */ = {
			isa = PBXGroup;
			children = (
				63AD0B372AAED34C000F7805 /* Preview Assets.xcassets */,
			);
			path = "Preview Content";
			sourceTree = "<group>";
		};
		63AD0B402AAED34C000F7805 /* LandmarksTests */ = {
			isa = PBXGroup;
			children = (
				63AD0B412AAED34C000F7805 /* LandmarksTests.swift */,
			);
			path = LandmarksTests;
			sourceTree = "<group>";
		};
		63AD0B4A2AAED34C000F7805 /* LandmarksUITests */ = {
			isa = PBXGroup;
			children = (
				63AD0B4B2AAED34C000F7805 /* LandmarksUITests.swift */,
				63AD0B4D2AAED34C000F7805 /* LandmarksUITestsLaunchTests.swift */,
			);
			path = LandmarksUITests;
			sourceTree = "<group>";
		};
		63AD0B682AAEF408000F7805 /* Views */ = {
			isa = PBXGroup;
			children = (
				ACFF39192B4696FB0051CAA9 /* PageControl.swift */,
				ACFF39132B465BD10051CAA9 /* PageViewController.swift */,
				ACFF39152B4663150051CAA9 /* FeatureCard.swift */,
				ACFF39122B465BBE0051CAA9 /* PageView */,
				ACFF39112B465B2B0051CAA9 /* Profile */,
				ACFF39082B4447F90051CAA9 /* Category */,
				AC9D4B1E2B383EE30022E216 /* Hikes */,
				AC9D4B172B3837630022E216 /* Badges */,
				63AD0B322AAED34B000F7805 /* ContentView.swift */,
				63E0E5BC2AAF185E00DBEF55 /* Helpers */,
				63E0E5BB2AAF183700DBEF55 /* Landmarks */,
			);
			path = Views;
			sourceTree = "<group>";
		};
		63AD0B692AAEF429000F7805 /* Model */ = {
			isa = PBXGroup;
			children = (
				63AD0B662AAEF272000F7805 /* ModelData.swift */,
				63AD0B642AAEF02D000F7805 /* Landmark.swift */,
				AC9D4B1A2B383E100022E216 /* Hike.swift */,
				ACFF39062B4447A80051CAA9 /* Profile.swift */,
			);
			path = Model;
			sourceTree = "<group>";
		};
		63AD0B6A2AAEF458000F7805 /* Resources */ = {
			isa = PBXGroup;
			children = (
				AC9D4B182B383E020022E216 /* hikeData.json */,
				63AD0B622AAEF019000F7805 /* landmarkData.json */,
				AC9D4B0D2B38319E0022E216 /* landmark_app_icon_1024x1024.png */,
			);
			path = Resources;
			sourceTree = "<group>";
		};
		63E0E5BB2AAF183700DBEF55 /* Landmarks */ = {
			isa = PBXGroup;
			children = (
				63E0E5B72AAEFA5400DBEF55 /* LandmarkDetail.swift */,
				63AD0B6F2AAEF809000F7805 /* LandmarkList.swift */,
				63AD0B6D2AAEF561000F7805 /* LandmarkRow.swift */,
			);
			path = Landmarks;
			sourceTree = "<group>";
		};
		63E0E5BC2AAF185E00DBEF55 /* Helpers */ = {
			isa = PBXGroup;
			children = (
				63AD0B5E2AAEEC69000F7805 /* CircleImage.swift */,
				63E0E5B92AAF172800DBEF55 /* FavoriteButton.swift */,
				63AD0B602AAEED3F000F7805 /* MapView.swift */,
			);
			path = Helpers;
			sourceTree = "<group>";
		};
		AC9D4B172B3837630022E216 /* Badges */ = {
			isa = PBXGroup;
			children = (
				AC9D4B092B382A790022E216 /* HexagonParameters.swift */,
				AC9D4B0B2B382AFC0022E216 /* BadgeBackground.swift */,
				AC9D4B0F2B38320D0022E216 /* BadgeSymbol.swift */,
				AC9D4B112B3834240022E216 /* RotatedBadgeSymbol.swift */,
				AC9D4B152B38353A0022E216 /* Badge.swift */,
			);
			path = Badges;
			sourceTree = "<group>";
		};
		AC9D4B1E2B383EE30022E216 /* Hikes */ = {
			isa = PBXGroup;
			children = (
				AC9D4B1F2B383EE30022E216 /* GraphCapsule.swift */,
				AC9D4B202B383EE30022E216 /* HikeGraph.swift */,
				AC9D4B212B383EE30022E216 /* HikeDetail.swift */,
				AC9D4B222B383EE30022E216 /* HikeView.swift */,
				ACFF390D2B4449D20051CAA9 /* HikeBadge.swift */,
			);
			path = Hikes;
			sourceTree = "<group>";
		};
		ACFF39082B4447F90051CAA9 /* Category */ = {
			isa = PBXGroup;
			children = (
				ACDB333F2B399915000DF484 /* CategoryHome.swift */,
				AC45727C2B39A16200C8D1FE /* CategoryRow.swift */,
				AC45727E2B39CB2A00C8D1FE /* CategoryItem.swift */,
			);
			path = Category;
			sourceTree = "<group>";
		};
		ACFF39112B465B2B0051CAA9 /* Profile */ = {
			isa = PBXGroup;
			children = (
				ACFF39092B4448290051CAA9 /* ProfileHost.swift */,
				ACFF390F2B44511E0051CAA9 /* ProfileEditor.swift */,
				ACFF390B2B4448ED0051CAA9 /* ProfileSummary.swift */,
			);
			path = Profile;
			sourceTree = "<group>";
		};
		ACFF39122B465BBE0051CAA9 /* PageView */ = {
			isa = PBXGroup;
			children = (
				ACFF39172B4664D40051CAA9 /* PageView.swift */,
			);
			path = PageView;
			sourceTree = "<group>";
		};
/* End PBXGroup section */

/* Begin PBXNativeTarget section */
		63AD0B2C2AAED34B000F7805 /* Landmarks */ = {
			isa = PBXNativeTarget;
			buildConfigurationList = 63AD0B512AAED34C000F7805 /* Build configuration list for PBXNativeTarget "Landmarks" */;
			buildPhases = (
				63AD0B292AAED34B000F7805 /* Sources */,
				63AD0B2A2AAED34B000F7805 /* Frameworks */,
				63AD0B2B2AAED34B000F7805 /* Resources */,
			);
			buildRules = (
			);
			dependencies = (
			);
			name = Landmarks;
			productName = Landmarks;
			productReference = 63AD0B2D2AAED34B000F7805 /* Landmarks.app */;
			productType = "com.apple.product-type.application";
		};
		63AD0B3C2AAED34C000F7805 /* LandmarksTests */ = {
			isa = PBXNativeTarget;
			buildConfigurationList = 63AD0B542AAED34C000F7805 /* Build configuration list for PBXNativeTarget "LandmarksTests" */;
			buildPhases = (
				63AD0B392AAED34C000F7805 /* Sources */,
				63AD0B3A2AAED34C000F7805 /* Frameworks */,
				63AD0B3B2AAED34C000F7805 /* Resources */,
			);
			buildRules = (
			);
			dependencies = (
				63AD0B3F2AAED34C000F7805 /* PBXTargetDependency */,
			);
			name = LandmarksTests;
			productName = LandmarksTests;
			productReference = 63AD0B3D2AAED34C000F7805 /* LandmarksTests.xctest */;
			productType = "com.apple.product-type.bundle.unit-test";
		};
		63AD0B462AAED34C000F7805 /* LandmarksUITests */ = {
			isa = PBXNativeTarget;
			buildConfigurationList = 63AD0B572AAED34C000F7805 /* Build configuration list for PBXNativeTarget "LandmarksUITests" */;
			buildPhases = (
				63AD0B432AAED34C000F7805 /* Sources */,
				63AD0B442AAED34C000F7805 /* Frameworks */,
				63AD0B452AAED34C000F7805 /* Resources */,
			);
			buildRules = (
			);
			dependencies = (
				63AD0B492AAED34C000F7805 /* PBXTargetDependency */,
			);
			name = LandmarksUITests;
			productName = LandmarksUITests;
			productReference = 63AD0B472AAED34C000F7805 /* LandmarksUITests.xctest */;
			productType = "com.apple.product-type.bundle.ui-testing";
		};
/* End PBXNativeTarget section */

/* Begin PBXProject section */
		63AD0B252AAED34B000F7805 /* Project object */ = {
			isa = PBXProject;
			attributes = {
				BuildIndependentTargetsInParallel = 1;
				LastSwiftUpdateCheck = 1430;
				LastUpgradeCheck = 1430;
				TargetAttributes = {
					63AD0B2C2AAED34B000F7805 = {
						CreatedOnToolsVersion = 14.3;
					};
					63AD0B3C2AAED34C000F7805 = {
						CreatedOnToolsVersion = 14.3;
						TestTargetID = 63AD0B2C2AAED34B000F7805;
					};
					63AD0B462AAED34C000F7805 = {
						CreatedOnToolsVersion = 14.3;
						TestTargetID = 63AD0B2C2AAED34B000F7805;
					};
				};
			};
			buildConfigurationList = 63AD0B282AAED34B000F7805 /* Build configuration list for PBXProject "Landmarks" */;
			compatibilityVersion = "Xcode 14.0";
			developmentRegion = en;
			hasScannedForEncodings = 0;
			knownRegions = (
				en,
				Base,
			);
			mainGroup = 63AD0B242AAED34B000F7805;
			productRefGroup = 63AD0B2E2AAED34B000F7805 /* Products */;
			projectDirPath = "";
			projectRoot = "";
			targets = (
				63AD0B2C2AAED34B000F7805 /* Landmarks */,
				63AD0B3C2AAED34C000F7805 /* LandmarksTests */,
				63AD0B462AAED34C000F7805 /* LandmarksUITests */,
			);
		};
/* End PBXProject section */

/* Begin PBXResourcesBuildPhase section */
		63AD0B2B2AAED34B000F7805 /* Resources */ = {
			isa = PBXResourcesBuildPhase;
			buildActionMask = 2147483647;
			files = (
				63AD0B382AAED34C000F7805 /* Preview Assets.xcassets in Resources */,
				AC9D4B0E2B38319E0022E216 /* landmark_app_icon_1024x1024.png in Resources */,
				63AD0B352AAED34C000F7805 /* Assets.xcassets in Resources */,
				63AD0B632AAEF019000F7805 /* landmarkData.json in Resources */,
				AC9D4B192B383E020022E216 /* hikeData.json in Resources */,
			);
			runOnlyForDeploymentPostprocessing = 0;
		};
		63AD0B3B2AAED34C000F7805 /* Resources */ = {
			isa = PBXResourcesBuildPhase;
			buildActionMask = 2147483647;
			files = (
			);
			runOnlyForDeploymentPostprocessing = 0;
		};
		63AD0B452AAED34C000F7805 /* Resources */ = {
			isa = PBXResourcesBuildPhase;
			buildActionMask = 2147483647;
			files = (
			);
			runOnlyForDeploymentPostprocessing = 0;
		};
/* End PBXResourcesBuildPhase section */

/* Begin PBXSourcesBuildPhase section */
		63AD0B292AAED34B000F7805 /* Sources */ = {
			isa = PBXSourcesBuildPhase;
			buildActionMask = 2147483647;
			files = (
				AC45727D2B39A16200C8D1FE /* CategoryRow.swift in Sources */,
				ACFF39072B4447A80051CAA9 /* Profile.swift in Sources */,
				63AD0B332AAED34B000F7805 /* ContentView.swift in Sources */,
				ACDB33402B399915000DF484 /* CategoryHome.swift in Sources */,
				ACFF39162B4663150051CAA9 /* FeatureCard.swift in Sources */,
				AC9D4B242B383EE30022E216 /* HikeGraph.swift in Sources */,
				ACFF39142B465BD10051CAA9 /* PageViewController.swift in Sources */,
				AC9D4B162B38353A0022E216 /* Badge.swift in Sources */,
				63AD0B612AAEED3F000F7805 /* MapView.swift in Sources */,
				AC9D4B232B383EE30022E216 /* GraphCapsule.swift in Sources */,
				ACFF391A2B4696FB0051CAA9 /* PageControl.swift in Sources */,
				63AD0B312AAED34B000F7805 /* LandmarksApp.swift in Sources */,
				63E0E5BA2AAF172800DBEF55 /* FavoriteButton.swift in Sources */,
				AC45727F2B39CB2A00C8D1FE /* CategoryItem.swift in Sources */,
				AC9D4B252B383EE30022E216 /* HikeDetail.swift in Sources */,
				ACFF390C2B4448ED0051CAA9 /* ProfileSummary.swift in Sources */,
				AC9D4B0A2B382A790022E216 /* HexagonParameters.swift in Sources */,
				ACFF390A2B4448290051CAA9 /* ProfileHost.swift in Sources */,
				AC9D4B1B2B383E100022E216 /* Hike.swift in Sources */,
				ACFF39182B4664D40051CAA9 /* PageView.swift in Sources */,
				AC9D4B122B3834240022E216 /* RotatedBadgeSymbol.swift in Sources */,
				AC9D4B102B38320D0022E216 /* BadgeSymbol.swift in Sources */,
				ACFF39102B44511E0051CAA9 /* ProfileEditor.swift in Sources */,
				63AD0B702AAEF809000F7805 /* LandmarkList.swift in Sources */,
				AC9D4B262B383EE30022E216 /* HikeView.swift in Sources */,
				63E0E5B82AAEFA5400DBEF55 /* LandmarkDetail.swift in Sources */,
				AC9D4B0C2B382AFC0022E216 /* BadgeBackground.swift in Sources */,
				ACFF390E2B4449D20051CAA9 /* HikeBadge.swift in Sources */,
				63AD0B5F2AAEEC69000F7805 /* CircleImage.swift in Sources */,
				63AD0B652AAEF02D000F7805 /* Landmark.swift in Sources */,
				63AD0B6E2AAEF561000F7805 /* LandmarkRow.swift in Sources */,
				63AD0B672AAEF272000F7805 /* ModelData.swift in Sources */,
			);
			runOnlyForDeploymentPostprocessing = 0;
		};
		63AD0B392AAED34C000F7805 /* Sources */ = {
			isa = PBXSourcesBuildPhase;
			buildActionMask = 2147483647;
			files = (
				63AD0B422AAED34C000F7805 /* LandmarksTests.swift in Sources */,
			);
			runOnlyForDeploymentPostprocessing = 0;
		};
		63AD0B432AAED34C000F7805 /* Sources */ = {
			isa = PBXSourcesBuildPhase;
			buildActionMask = 2147483647;
			files = (
				63AD0B4E2AAED34C000F7805 /* LandmarksUITestsLaunchTests.swift in Sources */,
				63AD0B4C2AAED34C000F7805 /* LandmarksUITests.swift in Sources */,
			);
			runOnlyForDeploymentPostprocessing = 0;
		};
/* End PBXSourcesBuildPhase section */

/* Begin PBXTargetDependency section */
		63AD0B3F2AAED34C000F7805 /* PBXTargetDependency */ = {
			isa = PBXTargetDependency;
			target = 63AD0B2C2AAED34B000F7805 /* Landmarks */;
			targetProxy = 63AD0B3E2AAED34C000F7805 /* PBXContainerItemProxy */;
		};
		63AD0B492AAED34C000F7805 /* PBXTargetDependency */ = {
			isa = PBXTargetDependency;
			target = 63AD0B2C2AAED34B000F7805 /* Landmarks */;
			targetProxy = 63AD0B482AAED34C000F7805 /* PBXContainerItemProxy */;
		};
/* End PBXTargetDependency section */

/* Begin XCBuildConfiguration section */
		63AD0B4F2AAED34C000F7805 /* Debug */ = {
			isa = XCBuildConfiguration;
			buildSettings = {
				ALWAYS_SEARCH_USER_PATHS = NO;
				CLANG_ANALYZER_NONNULL = YES;
				CLANG_ANALYZER_NUMBER_OBJECT_CONVERSION = YES_AGGRESSIVE;
				CLANG_CXX_LANGUAGE_STANDARD = "gnu++20";
				CLANG_ENABLE_MODULES = YES;
				CLANG_ENABLE_OBJC_ARC = YES;
				CLANG_ENABLE_OBJC_WEAK = YES;
				CLANG_WARN_BLOCK_CAPTURE_AUTORELEASING = YES;
				CLANG_WARN_BOOL_CONVERSION = YES;
				CLANG_WARN_COMMA = YES;
				CLANG_WARN_CONSTANT_CONVERSION = YES;
				CLANG_WARN_DEPRECATED_OBJC_IMPLEMENTATIONS = YES;
				CLANG_WARN_DIRECT_OBJC_ISA_USAGE = YES_ERROR;
				CLANG_WARN_DOCUMENTATION_COMMENTS = YES;
				CLANG_WARN_EMPTY_BODY = YES;
				CLANG_WARN_ENUM_CONVERSION = YES;
				CLANG_WARN_INFINITE_RECURSION = YES;
				CLANG_WARN_INT_CONVERSION = YES;
				CLANG_WARN_NON_LITERAL_NULL_CONVERSION = YES;
				CLANG_WARN_OBJC_IMPLICIT_RETAIN_SELF = YES;
				CLANG_WARN_OBJC_LITERAL_CONVERSION = YES;
				CLANG_WARN_OBJC_ROOT_CLASS = YES_ERROR;
				CLANG_WARN_QUOTED_INCLUDE_IN_FRAMEWORK_HEADER = YES;
				CLANG_WARN_RANGE_LOOP_ANALYSIS = YES;
				CLANG_WARN_STRICT_PROTOTYPES = YES;
				CLANG_WARN_SUSPICIOUS_MOVE = YES;
				CLANG_WARN_UNGUARDED_AVAILABILITY = YES_AGGRESSIVE;
				CLANG_WARN_UNREACHABLE_CODE = YES;
				CLANG_WARN__DUPLICATE_METHOD_MATCH = YES;
				COPY_PHASE_STRIP = NO;
				DEBUG_INFORMATION_FORMAT = dwarf;
				ENABLE_STRICT_OBJC_MSGSEND = YES;
				ENABLE_TESTABILITY = YES;
				GCC_C_LANGUAGE_STANDARD = gnu11;
				GCC_DYNAMIC_NO_PIC = NO;
				GCC_NO_COMMON_BLOCKS = YES;
				GCC_OPTIMIZATION_LEVEL = 0;
				GCC_PREPROCESSOR_DEFINITIONS = (
					"DEBUG=1",
					"$(inherited)",
				);
				GCC_WARN_64_TO_32_BIT_CONVERSION = YES;
				GCC_WARN_ABOUT_RETURN_TYPE = YES_ERROR;
				GCC_WARN_UNDECLARED_SELECTOR = YES;
				GCC_WARN_UNINITIALIZED_AUTOS = YES_AGGRESSIVE;
				GCC_WARN_UNUSED_FUNCTION = YES;
				GCC_WARN_UNUSED_VARIABLE = YES;
				IPHONEOS_DEPLOYMENT_TARGET = 16.4;
				MTL_ENABLE_DEBUG_INFO = INCLUDE_SOURCE;
				MTL_FAST_MATH = YES;
				ONLY_ACTIVE_ARCH = YES;
				SDKROOT = iphoneos;
				SWIFT_ACTIVE_COMPILATION_CONDITIONS = DEBUG;
				SWIFT_OPTIMIZATION_LEVEL = "-Onone";
			};
			name = Debug;
		};
		63AD0B502AAED34C000F7805 /* Release */ = {
			isa = XCBuildConfiguration;
			buildSettings = {
				ALWAYS_SEARCH_USER_PATHS = NO;
				CLANG_ANALYZER_NONNULL = YES;
				CLANG_ANALYZER_NUMBER_OBJECT_CONVERSION = YES_AGGRESSIVE;
				CLANG_CXX_LANGUAGE_STANDARD = "gnu++20";
				CLANG_ENABLE_MODULES = YES;
				CLANG_ENABLE_OBJC_ARC = YES;
				CLANG_ENABLE_OBJC_WEAK = YES;
				CLANG_WARN_BLOCK_CAPTURE_AUTORELEASING = YES;
				CLANG_WARN_BOOL_CONVERSION = YES;
				CLANG_WARN_COMMA = YES;
				CLANG_WARN_CONSTANT_CONVERSION = YES;
				CLANG_WARN_DEPRECATED_OBJC_IMPLEMENTATIONS = YES;
				CLANG_WARN_DIRECT_OBJC_ISA_USAGE = YES_ERROR;
				CLANG_WARN_DOCUMENTATION_COMMENTS = YES;
				CLANG_WARN_EMPTY_BODY = YES;
				CLANG_WARN_ENUM_CONVERSION = YES;
				CLANG_WARN_INFINITE_RECURSION = YES;
				CLANG_WARN_INT_CONVERSION = YES;
				CLANG_WARN_NON_LITERAL_NULL_CONVERSION = YES;
				CLANG_WARN_OBJC_IMPLICIT_RETAIN_SELF = YES;
				CLANG_WARN_OBJC_LITERAL_CONVERSION = YES;
				CLANG_WARN_OBJC_ROOT_CLASS = YES_ERROR;
				CLANG_WARN_QUOTED_INCLUDE_IN_FRAMEWORK_HEADER = YES;
				CLANG_WARN_RANGE_LOOP_ANALYSIS = YES;
				CLANG_WARN_STRICT_PROTOTYPES = YES;
				CLANG_WARN_SUSPICIOUS_MOVE = YES;
				CLANG_WARN_UNGUARDED_AVAILABILITY = YES_AGGRESSIVE;
				CLANG_WARN_UNREACHABLE_CODE = YES;
				CLANG_WARN__DUPLICATE_METHOD_MATCH = YES;
				COPY_PHASE_STRIP = NO;
				DEBUG_INFORMATION_FORMAT = "dwarf-with-dsym";
				ENABLE_NS_ASSERTIONS = NO;
				ENABLE_STRICT_OBJC_MSGSEND = YES;
				GCC_C_LANGUAGE_STANDARD = gnu11;
				GCC_NO_COMMON_BLOCKS = YES;
				GCC_WARN_64_TO_32_BIT_CONVERSION = YES;
				GCC_WARN_ABOUT_RETURN_TYPE = YES_ERROR;
				GCC_WARN_UNDECLARED_SELECTOR = YES;
				GCC_WARN_UNINITIALIZED_AUTOS = YES_AGGRESSIVE;
				GCC_WARN_UNUSED_FUNCTION = YES;
				GCC_WARN_UNUSED_VARIABLE = YES;
				IPHONEOS_DEPLOYMENT_TARGET = 16.4;
				MTL_ENABLE_DEBUG_INFO = NO;
				MTL_FAST_MATH = YES;
				SDKROOT = iphoneos;
				SWIFT_COMPILATION_MODE = wholemodule;
				SWIFT_OPTIMIZATION_LEVEL = "-O";
				VALIDATE_PRODUCT = YES;
			};
			name = Release;
		};
		63AD0B522AAED34C000F7805 /* Debug */ = {
			isa = XCBuildConfiguration;
			buildSettings = {
				ASSETCATALOG_COMPILER_APPICON_NAME = AppIcon;
				ASSETCATALOG_COMPILER_GLOBAL_ACCENT_COLOR_NAME = AccentColor;
				CODE_SIGN_STYLE = Automatic;
				CURRENT_PROJECT_VERSION = 1;
				DEVELOPMENT_ASSET_PATHS = "\"Landmarks/Preview Content\"";
				ENABLE_PREVIEWS = YES;
				GENERATE_INFOPLIST_FILE = YES;
				INFOPLIST_KEY_UIApplicationSceneManifest_Generation = YES;
				INFOPLIST_KEY_UIApplicationSupportsIndirectInputEvents = YES;
				INFOPLIST_KEY_UILaunchScreen_Generation = YES;
				INFOPLIST_KEY_UISupportedInterfaceOrientations_iPad = "UIInterfaceOrientationPortrait UIInterfaceOrientationPortraitUpsideDown UIInterfaceOrientationLandscapeLeft UIInterfaceOrientationLandscapeRight";
				INFOPLIST_KEY_UISupportedInterfaceOrientations_iPhone = "UIInterfaceOrientationPortrait UIInterfaceOrientationLandscapeLeft UIInterfaceOrientationLandscapeRight";
				LD_RUNPATH_SEARCH_PATHS = (
					"$(inherited)",
					"@executable_path/Frameworks",
				);
				MARKETING_VERSION = 1.0;
				PRODUCT_BUNDLE_IDENTIFIER = com.ezra.Landmarks;
				PRODUCT_NAME = "$(TARGET_NAME)";
				SWIFT_EMIT_LOC_STRINGS = YES;
				SWIFT_VERSION = 5.0;
				TARGETED_DEVICE_FAMILY = "1,2";
			};
			name = Debug;
		};
		63AD0B532AAED34C000F7805 /* Release */ = {
			isa = XCBuildConfiguration;
			buildSettings = {
				ASSETCATALOG_COMPILER_APPICON_NAME = AppIcon;
				ASSETCATALOG_COMPILER_GLOBAL_ACCENT_COLOR_NAME = AccentColor;
				CODE_SIGN_STYLE = Automatic;
				CURRENT_PROJECT_VERSION = 1;
				DEVELOPMENT_ASSET_PATHS = "\"Landmarks/Preview Content\"";
				ENABLE_PREVIEWS = YES;
				GENERATE_INFOPLIST_FILE = YES;
				INFOPLIST_KEY_UIApplicationSceneManifest_Generation = YES;
				INFOPLIST_KEY_UIApplicationSupportsIndirectInputEvents = YES;
				INFOPLIST_KEY_UILaunchScreen_Generation = YES;
				INFOPLIST_KEY_UISupportedInterfaceOrientations_iPad = "UIInterfaceOrientationPortrait UIInterfaceOrientationPortraitUpsideDown UIInterfaceOrientationLandscapeLeft UIInterfaceOrientationLandscapeRight";
				INFOPLIST_KEY_UISupportedInterfaceOrientations_iPhone = "UIInterfaceOrientationPortrait UIInterfaceOrientationLandscapeLeft UIInterfaceOrientationLandscapeRight";
				LD_RUNPATH_SEARCH_PATHS = (
					"$(inherited)",
					"@executable_path/Frameworks",
				);
				MARKETING_VERSION = 1.0;
				PRODUCT_BUNDLE_IDENTIFIER = com.ezra.Landmarks;
				PRODUCT_NAME = "$(TARGET_NAME)";
				SWIFT_EMIT_LOC_STRINGS = YES;
				SWIFT_VERSION = 5.0;
				TARGETED_DEVICE_FAMILY = "1,2";
			};
			name = Release;
		};
		63AD0B552AAED34C000F7805 /* Debug */ = {
			isa = XCBuildConfiguration;
			buildSettings = {
				ALWAYS_EMBED_SWIFT_STANDARD_LIBRARIES = YES;
				BUNDLE_LOADER = "$(TEST_HOST)";
				CODE_SIGN_STYLE = Automatic;
				CURRENT_PROJECT_VERSION = 1;
				GENERATE_INFOPLIST_FILE = YES;
				IPHONEOS_DEPLOYMENT_TARGET = 16.4;
				MARKETING_VERSION = 1.0;
				PRODUCT_BUNDLE_IDENTIFIER = com.ezra.LandmarksTests;
				PRODUCT_NAME = "$(TARGET_NAME)";
				SWIFT_EMIT_LOC_STRINGS = NO;
				SWIFT_VERSION = 5.0;
				TARGETED_DEVICE_FAMILY = "1,2";
				TEST_HOST = "$(BUILT_PRODUCTS_DIR)/Landmarks.app/$(BUNDLE_EXECUTABLE_FOLDER_PATH)/Landmarks";
			};
			name = Debug;
		};
		63AD0B562AAED34C000F7805 /* Release */ = {
			isa = XCBuildConfiguration;
			buildSettings = {
				ALWAYS_EMBED_SWIFT_STANDARD_LIBRARIES = YES;
				BUNDLE_LOADER = "$(TEST_HOST)";
				CODE_SIGN_STYLE = Automatic;
				CURRENT_PROJECT_VERSION = 1;
				GENERATE_INFOPLIST_FILE = YES;
				IPHONEOS_DEPLOYMENT_TARGET = 16.4;
				MARKETING_VERSION = 1.0;
				PRODUCT_BUNDLE_IDENTIFIER = com.ezra.LandmarksTests;
				PRODUCT_NAME = "$(TARGET_NAME)";
				SWIFT_EMIT_LOC_STRINGS = NO;
				SWIFT_VERSION = 5.0;
				TARGETED_DEVICE_FAMILY = "1,2";
				TEST_HOST = "$(BUILT_PRODUCTS_DIR)/Landmarks.app/$(BUNDLE_EXECUTABLE_FOLDER_PATH)/Landmarks";
			};
			name = Release;
		};
		63AD0B582AAED34C000F7805 /* Debug */ = {
			isa = XCBuildConfiguration;
			buildSettings = {
				ALWAYS_EMBED_SWIFT_STANDARD_LIBRARIES = YES;
				CODE_SIGN_STYLE = Automatic;
				CURRENT_PROJECT_VERSION = 1;
				GENERATE_INFOPLIST_FILE = YES;
				MARKETING_VERSION = 1.0;
				PRODUCT_BUNDLE_IDENTIFIER = com.ezra.LandmarksUITests;
				PRODUCT_NAME = "$(TARGET_NAME)";
				SWIFT_EMIT_LOC_STRINGS = NO;
				SWIFT_VERSION = 5.0;
				TARGETED_DEVICE_FAMILY = "1,2";
				TEST_TARGET_NAME = Landmarks;
			};
			name = Debug;
		};
		63AD0B592AAED34C000F7805 /* Release */ = {
			isa = XCBuildConfiguration;
			buildSettings = {
				ALWAYS_EMBED_SWIFT_STANDARD_LIBRARIES = YES;
				CODE_SIGN_STYLE = Automatic;
				CURRENT_PROJECT_VERSION = 1;
				GENERATE_INFOPLIST_FILE = YES;
				MARKETING_VERSION = 1.0;
				PRODUCT_BUNDLE_IDENTIFIER = com.ezra.LandmarksUITests;
				PRODUCT_NAME = "$(TARGET_NAME)";
				SWIFT_EMIT_LOC_STRINGS = NO;
				SWIFT_VERSION = 5.0;
				TARGETED_DEVICE_FAMILY = "1,2";
				TEST_TARGET_NAME = Landmarks;
			};
			name = Release;
		};
/* End XCBuildConfiguration section */

/* Begin XCConfigurationList section */
		63AD0B282AAED34B000F7805 /* Build configuration list for PBXProject "Landmarks" */ = {
			isa = XCConfigurationList;
			buildConfigurations = (
				63AD0B4F2AAED34C000F7805 /* Debug */,
				63AD0B502AAED34C000F7805 /* Release */,
			);
			defaultConfigurationIsVisible = 0;
			defaultConfigurationName = Release;
		};
		63AD0B512AAED34C000F7805 /* Build configuration list for PBXNativeTarget "Landmarks" */ = {
			isa = XCConfigurationList;
			buildConfigurations = (
				63AD0B522AAED34C000F7805 /* Debug */,
				63AD0B532AAED34C000F7805 /* Release */,
			);
			defaultConfigurationIsVisible = 0;
			defaultConfigurationName = Release;
		};
		63AD0B542AAED34C000F7805 /* Build configuration list for PBXNativeTarget "LandmarksTests" */ = {
			isa = XCConfigurationList;
			buildConfigurations = (
				63AD0B552AAED34C000F7805 /* Debug */,
				63AD0B562AAED34C000F7805 /* Release */,
			);
			defaultConfigurationIsVisible = 0;
			defaultConfigurationName = Release;
		};
		63AD0B572AAED34C000F7805 /* Build configuration list for PBXNativeTarget "LandmarksUITests" */ = {
			isa = XCConfigurationList;
			buildConfigurations = (
				63AD0B582AAED34C000F7805 /* Debug */,
				63AD0B592AAED34C000F7805 /* Release */,
			);
			defaultConfigurationIsVisible = 0;
			defaultConfigurationName = Release;
		};
/* End XCConfigurationList section */
	};
	rootObject = 63AD0B252AAED34B000F7805 /* Project object */;
}
